{
  "version": 4,
  "terraform_version": "1.11.1",
  "serial": 7,
  "lineage": "e0e5a602-845d-0531-4ba6-ff37963d5006",
  "outputs": {},
  "resources": [
    {
      "mode": "managed",
      "type": "aws_vpc",
      "name": "pf_vpc",
      "provider": "provider[\"registry.terraform.io/hashicorp/aws\"]",
      "instances": [
        {
          "schema_version": 1,
          "attributes": {
            "arn": "arn:aws:ec2:ap-northeast-1:357326666974:vpc/vpc-000b45ccc8b3fa880",
            "assign_generated_ipv6_cidr_block": false,
            "cidr_block": "10.0.0.0/16",
            "default_network_acl_id": "acl-01234292c5c384b8b",
            "default_route_table_id": "rtb-0a901badc226bc7be",
            "default_security_group_id": "sg-03fd546f0572c3384",
            "dhcp_options_id": "dopt-0e869a9aa89264c99",
            "enable_dns_hostnames": false,
            "enable_dns_support": true,
            "enable_network_address_usage_metrics": false,
            "id": "vpc-000b45ccc8b3fa880",
            "instance_tenancy": "default",
            "ipv4_ipam_pool_id": null,
            "ipv4_netmask_length": null,
            "ipv6_association_id": "",
            "ipv6_cidr_block": "",
            "ipv6_cidr_block_network_border_group": "",
            "ipv6_ipam_pool_id": "",
            "ipv6_netmask_length": 0,
            "main_route_table_id": "rtb-0a901badc226bc7be",
            "owner_id": "357326666974",
            "region": "ap-northeast-1",
            "tags": {
              "Name": "pf_app_vpc"
            },
            "tags_all": {
              "Name": "pf_app_vpc"
            }
          },
          "sensitive_attributes": [],
          "private": "eyJzY2hlbWFfdmVyc2lvbiI6IjEifQ=="
        }
      ]
    }
  ],
  "check_results": null
}
